
Microsoft Visual Studio Solution File, Format Version 12.00
# Visual Studio Version 17
VisualStudioVersion = 17.0.31903.59
MinimumVisualStudioVersion = 10.0.40219.1
Project("{2150E333-8FDC-42A3-9474-1A3956D46DE8}") = "src", "src", "{827E0CD3-B72D-47B6-A68D-7590B98EB39B}"
EndProject
Project("{FAE04EC0-301F-11D3-BF4B-00C04F79EFBC}") = "GameMap.Core", "src\GameMap.Core\GameMap.Core.csproj", "{7C09DBF1-DC81-4401-8246-C2396ACAFA48}"
EndProject
Project("{2150E333-8FDC-42A3-9474-1A3956D46DE8}") = "tests", "tests", "{0AB3BF05-4346-4AA6-1389-037BE0695223}"
EndProject
Project("{FAE04EC0-301F-11D3-BF4B-00C04F79EFBC}") = "GameMap.Core.Tests", "tests\GameMap.Core.Tests\GameMap.Core.Tests.csproj", "{F13B1FCB-EDB3-4100-AA66-DA5B37EC706F}"
EndProject
Project("{FAE04EC0-301F-11D3-BF4B-00C04F79EFBC}") = "GameMap.Sandbox", "src\GameMap.Sandbox\GameMap.Sandbox.csproj", "{FB08B554-8621-43F5-9AFF-C23159D15AB9}"
EndProject
Project("{FAE04EC0-301F-11D3-BF4B-00C04F79EFBC}") = "GameMap.Server", "src\GameMap.Server\GameMap.Server.csproj", "{4258E222-55FF-4DC6-BAD5-F65DDB987F5C}"
EndProject
Project("{FAE04EC0-301F-11D3-BF4B-00C04F79EFBC}") = "GameMap.UdpClient", "src\GameMap.UdpClient\GameMap.UdpClient.csproj", "{3C902011-59AC-41AE-87A0-CDF78CACA687}"
EndProject
Project("{FAE04EC0-301F-11D3-BF4B-00C04F79EFBC}") = "GameMap.SharedContracts", "src\GameMap.SharedContracts\GameMap.SharedContracts.csproj", "{8CA678B7-4C0A-4906-B47B-98A18DDD0425}"
EndProject
Project("{FAE04EC0-301F-11D3-BF4B-00C04F79EFBC}") = "GameMap.AppHost", "src\GameMap\GameMap.AppHost\GameMap.AppHost.csproj", "{E571A3FE-03E9-4755-B3D9-53A5F8F3C3D1}"
EndProject
Project("{FAE04EC0-301F-11D3-BF4B-00C04F79EFBC}") = "GameMap.ServiceDefaults", "src\GameMap\GameMap.ServiceDefaults\GameMap.ServiceDefaults.csproj", "{B2DADE74-A55F-D1C9-0802-CC4852B18B3E}"
EndProject
Project("{2150E333-8FDC-42A3-9474-1A3956D46DE8}") = "build", "build", "{02EA681E-C7D8-13C7-8484-4AC65E1B71E8}"
	ProjectSection(SolutionItems) = preProject
		Directory.Build.props = Directory.Build.props
		Directory.Packages.props = Directory.Packages.props
	EndProjectSection
EndProject
Global
	GlobalSection(SolutionConfigurationPlatforms) = preSolution
		Debug|Any CPU = Debug|Any CPU
		Debug|x64 = Debug|x64
		Debug|x86 = Debug|x86
		Release|Any CPU = Release|Any CPU
		Release|x64 = Release|x64
		Release|x86 = Release|x86
	EndGlobalSection
	GlobalSection(ProjectConfigurationPlatforms) = postSolution
		{7C09DBF1-DC81-4401-8246-C2396ACAFA48}.Debug|Any CPU.ActiveCfg = Debug|Any CPU
		{7C09DBF1-DC81-4401-8246-C2396ACAFA48}.Debug|Any CPU.Build.0 = Debug|Any CPU
		{7C09DBF1-DC81-4401-8246-C2396ACAFA48}.Debug|x64.ActiveCfg = Debug|Any CPU
		{7C09DBF1-DC81-4401-8246-C2396ACAFA48}.Debug|x64.Build.0 = Debug|Any CPU
		{7C09DBF1-DC81-4401-8246-C2396ACAFA48}.Debug|x86.ActiveCfg = Debug|Any CPU
		{7C09DBF1-DC81-4401-8246-C2396ACAFA48}.Debug|x86.Build.0 = Debug|Any CPU
		{7C09DBF1-DC81-4401-8246-C2396ACAFA48}.Release|Any CPU.ActiveCfg = Release|Any CPU
		{7C09DBF1-DC81-4401-8246-C2396ACAFA48}.Release|Any CPU.Build.0 = Release|Any CPU
		{7C09DBF1-DC81-4401-8246-C2396ACAFA48}.Release|x64.ActiveCfg = Release|Any CPU
		{7C09DBF1-DC81-4401-8246-C2396ACAFA48}.Release|x64.Build.0 = Release|Any CPU
		{7C09DBF1-DC81-4401-8246-C2396ACAFA48}.Release|x86.ActiveCfg = Release|Any CPU
		{7C09DBF1-DC81-4401-8246-C2396ACAFA48}.Release|x86.Build.0 = Release|Any CPU
		{F13B1FCB-EDB3-4100-AA66-DA5B37EC706F}.Debug|Any CPU.ActiveCfg = Debug|Any CPU
		{F13B1FCB-EDB3-4100-AA66-DA5B37EC706F}.Debug|Any CPU.Build.0 = Debug|Any CPU
		{F13B1FCB-EDB3-4100-AA66-DA5B37EC706F}.Debug|x64.ActiveCfg = Debug|Any CPU
		{F13B1FCB-EDB3-4100-AA66-DA5B37EC706F}.Debug|x64.Build.0 = Debug|Any CPU
		{F13B1FCB-EDB3-4100-AA66-DA5B37EC706F}.Debug|x86.ActiveCfg = Debug|Any CPU
		{F13B1FCB-EDB3-4100-AA66-DA5B37EC706F}.Debug|x86.Build.0 = Debug|Any CPU
		{F13B1FCB-EDB3-4100-AA66-DA5B37EC706F}.Release|Any CPU.ActiveCfg = Release|Any CPU
		{F13B1FCB-EDB3-4100-AA66-DA5B37EC706F}.Release|Any CPU.Build.0 = Release|Any CPU
		{F13B1FCB-EDB3-4100-AA66-DA5B37EC706F}.Release|x64.ActiveCfg = Release|Any CPU
		{F13B1FCB-EDB3-4100-AA66-DA5B37EC706F}.Release|x64.Build.0 = Release|Any CPU
		{F13B1FCB-EDB3-4100-AA66-DA5B37EC706F}.Release|x86.ActiveCfg = Release|Any CPU
		{F13B1FCB-EDB3-4100-AA66-DA5B37EC706F}.Release|x86.Build.0 = Release|Any CPU
		{FB08B554-8621-43F5-9AFF-C23159D15AB9}.Debug|Any CPU.ActiveCfg = Debug|Any CPU
		{FB08B554-8621-43F5-9AFF-C23159D15AB9}.Debug|Any CPU.Build.0 = Debug|Any CPU
		{FB08B554-8621-43F5-9AFF-C23159D15AB9}.Debug|x64.ActiveCfg = Debug|Any CPU
		{FB08B554-8621-43F5-9AFF-C23159D15AB9}.Debug|x64.Build.0 = Debug|Any CPU
		{FB08B554-8621-43F5-9AFF-C23159D15AB9}.Debug|x86.ActiveCfg = Debug|Any CPU
		{FB08B554-8621-43F5-9AFF-C23159D15AB9}.Debug|x86.Build.0 = Debug|Any CPU
		{FB08B554-8621-43F5-9AFF-C23159D15AB9}.Release|Any CPU.ActiveCfg = Release|Any CPU
		{FB08B554-8621-43F5-9AFF-C23159D15AB9}.Release|Any CPU.Build.0 = Release|Any CPU
		{FB08B554-8621-43F5-9AFF-C23159D15AB9}.Release|x64.ActiveCfg = Release|Any CPU
		{FB08B554-8621-43F5-9AFF-C23159D15AB9}.Release|x64.Build.0 = Release|Any CPU
		{FB08B554-8621-43F5-9AFF-C23159D15AB9}.Release|x86.ActiveCfg = Release|Any CPU
		{FB08B554-8621-43F5-9AFF-C23159D15AB9}.Release|x86.Build.0 = Release|Any CPU
		{4258E222-55FF-4DC6-BAD5-F65DDB987F5C}.Debug|Any CPU.ActiveCfg = Debug|Any CPU
		{4258E222-55FF-4DC6-BAD5-F65DDB987F5C}.Debug|Any CPU.Build.0 = Debug|Any CPU
		{4258E222-55FF-4DC6-BAD5-F65DDB987F5C}.Debug|x64.ActiveCfg = Debug|Any CPU
		{4258E222-55FF-4DC6-BAD5-F65DDB987F5C}.Debug|x64.Build.0 = Debug|Any CPU
		{4258E222-55FF-4DC6-BAD5-F65DDB987F5C}.Debug|x86.ActiveCfg = Debug|Any CPU
		{4258E222-55FF-4DC6-BAD5-F65DDB987F5C}.Debug|x86.Build.0 = Debug|Any CPU
		{4258E222-55FF-4DC6-BAD5-F65DDB987F5C}.Release|Any CPU.ActiveCfg = Release|Any CPU
		{4258E222-55FF-4DC6-BAD5-F65DDB987F5C}.Release|Any CPU.Build.0 = Release|Any CPU
		{4258E222-55FF-4DC6-BAD5-F65DDB987F5C}.Release|x64.ActiveCfg = Release|Any CPU
		{4258E222-55FF-4DC6-BAD5-F65DDB987F5C}.Release|x64.Build.0 = Release|Any CPU
		{4258E222-55FF-4DC6-BAD5-F65DDB987F5C}.Release|x86.ActiveCfg = Release|Any CPU
		{4258E222-55FF-4DC6-BAD5-F65DDB987F5C}.Release|x86.Build.0 = Release|Any CPU
		{3C902011-59AC-41AE-87A0-CDF78CACA687}.Debug|Any CPU.ActiveCfg = Debug|Any CPU
		{3C902011-59AC-41AE-87A0-CDF78CACA687}.Debug|Any CPU.Build.0 = Debug|Any CPU
		{3C902011-59AC-41AE-87A0-CDF78CACA687}.Debug|x64.ActiveCfg = Debug|Any CPU
		{3C902011-59AC-41AE-87A0-CDF78CACA687}.Debug|x64.Build.0 = Debug|Any CPU
		{3C902011-59AC-41AE-87A0-CDF78CACA687}.Debug|x86.ActiveCfg = Debug|Any CPU
		{3C902011-59AC-41AE-87A0-CDF78CACA687}.Debug|x86.Build.0 = Debug|Any CPU
		{3C902011-59AC-41AE-87A0-CDF78CACA687}.Release|Any CPU.ActiveCfg = Release|Any CPU
		{3C902011-59AC-41AE-87A0-CDF78CACA687}.Release|Any CPU.Build.0 = Release|Any CPU
		{3C902011-59AC-41AE-87A0-CDF78CACA687}.Release|x64.ActiveCfg = Release|Any CPU
		{3C902011-59AC-41AE-87A0-CDF78CACA687}.Release|x64.Build.0 = Release|Any CPU
		{3C902011-59AC-41AE-87A0-CDF78CACA687}.Release|x86.ActiveCfg = Release|Any CPU
		{3C902011-59AC-41AE-87A0-CDF78CACA687}.Release|x86.Build.0 = Release|Any CPU
		{8CA678B7-4C0A-4906-B47B-98A18DDD0425}.Debug|Any CPU.ActiveCfg = Debug|Any CPU
		{8CA678B7-4C0A-4906-B47B-98A18DDD0425}.Debug|Any CPU.Build.0 = Debug|Any CPU
		{8CA678B7-4C0A-4906-B47B-98A18DDD0425}.Debug|x64.ActiveCfg = Debug|Any CPU
		{8CA678B7-4C0A-4906-B47B-98A18DDD0425}.Debug|x64.Build.0 = Debug|Any CPU
		{8CA678B7-4C0A-4906-B47B-98A18DDD0425}.Debug|x86.ActiveCfg = Debug|Any CPU
		{8CA678B7-4C0A-4906-B47B-98A18DDD0425}.Debug|x86.Build.0 = Debug|Any CPU
		{8CA678B7-4C0A-4906-B47B-98A18DDD0425}.Release|Any CPU.ActiveCfg = Release|Any CPU
		{8CA678B7-4C0A-4906-B47B-98A18DDD0425}.Release|Any CPU.Build.0 = Release|Any CPU
		{8CA678B7-4C0A-4906-B47B-98A18DDD0425}.Release|x64.ActiveCfg = Release|Any CPU
		{8CA678B7-4C0A-4906-B47B-98A18DDD0425}.Release|x64.Build.0 = Release|Any CPU
		{8CA678B7-4C0A-4906-B47B-98A18DDD0425}.Release|x86.ActiveCfg = Release|Any CPU
		{8CA678B7-4C0A-4906-B47B-98A18DDD0425}.Release|x86.Build.0 = Release|Any CPU
		{E571A3FE-03E9-4755-B3D9-53A5F8F3C3D1}.Debug|Any CPU.ActiveCfg = Debug|Any CPU
		{E571A3FE-03E9-4755-B3D9-53A5F8F3C3D1}.Debug|Any CPU.Build.0 = Debug|Any CPU
		{E571A3FE-03E9-4755-B3D9-53A5F8F3C3D1}.Debug|x64.ActiveCfg = Debug|Any CPU
		{E571A3FE-03E9-4755-B3D9-53A5F8F3C3D1}.Debug|x64.Build.0 = Debug|Any CPU
		{E571A3FE-03E9-4755-B3D9-53A5F8F3C3D1}.Debug|x86.ActiveCfg = Debug|Any CPU
		{E571A3FE-03E9-4755-B3D9-53A5F8F3C3D1}.Debug|x86.Build.0 = Debug|Any CPU
		{E571A3FE-03E9-4755-B3D9-53A5F8F3C3D1}.Release|Any CPU.ActiveCfg = Release|Any CPU
		{E571A3FE-03E9-4755-B3D9-53A5F8F3C3D1}.Release|Any CPU.Build.0 = Release|Any CPU
		{E571A3FE-03E9-4755-B3D9-53A5F8F3C3D1}.Release|x64.ActiveCfg = Release|Any CPU
		{E571A3FE-03E9-4755-B3D9-53A5F8F3C3D1}.Release|x64.Build.0 = Release|Any CPU
		{E571A3FE-03E9-4755-B3D9-53A5F8F3C3D1}.Release|x86.ActiveCfg = Release|Any CPU
		{E571A3FE-03E9-4755-B3D9-53A5F8F3C3D1}.Release|x86.Build.0 = Release|Any CPU
		{B2DADE74-A55F-D1C9-0802-CC4852B18B3E}.Debug|Any CPU.ActiveCfg = Debug|Any CPU
		{B2DADE74-A55F-D1C9-0802-CC4852B18B3E}.Debug|Any CPU.Build.0 = Debug|Any CPU
		{B2DADE74-A55F-D1C9-0802-CC4852B18B3E}.Debug|x64.ActiveCfg = Debug|Any CPU
		{B2DADE74-A55F-D1C9-0802-CC4852B18B3E}.Debug|x64.Build.0 = Debug|Any CPU
		{B2DADE74-A55F-D1C9-0802-CC4852B18B3E}.Debug|x86.ActiveCfg = Debug|Any CPU
		{B2DADE74-A55F-D1C9-0802-CC4852B18B3E}.Debug|x86.Build.0 = Debug|Any CPU
		{B2DADE74-A55F-D1C9-0802-CC4852B18B3E}.Release|Any CPU.ActiveCfg = Release|Any CPU
		{B2DADE74-A55F-D1C9-0802-CC4852B18B3E}.Release|Any CPU.Build.0 = Release|Any CPU
		{B2DADE74-A55F-D1C9-0802-CC4852B18B3E}.Release|x64.ActiveCfg = Release|Any CPU
		{B2DADE74-A55F-D1C9-0802-CC4852B18B3E}.Release|x64.Build.0 = Release|Any CPU
		{B2DADE74-A55F-D1C9-0802-CC4852B18B3E}.Release|x86.ActiveCfg = Release|Any CPU
		{B2DADE74-A55F-D1C9-0802-CC4852B18B3E}.Release|x86.Build.0 = Release|Any CPU
	EndGlobalSection
	GlobalSection(SolutionProperties) = preSolution
		HideSolutionNode = FALSE
	EndGlobalSection
	GlobalSection(NestedProjects) = preSolution
		{7C09DBF1-DC81-4401-8246-C2396ACAFA48} = {827E0CD3-B72D-47B6-A68D-7590B98EB39B}
		{F13B1FCB-EDB3-4100-AA66-DA5B37EC706F} = {0AB3BF05-4346-4AA6-1389-037BE0695223}
		{FB08B554-8621-43F5-9AFF-C23159D15AB9} = {827E0CD3-B72D-47B6-A68D-7590B98EB39B}
		{4258E222-55FF-4DC6-BAD5-F65DDB987F5C} = {827E0CD3-B72D-47B6-A68D-7590B98EB39B}
		{3C902011-59AC-41AE-87A0-CDF78CACA687} = {827E0CD3-B72D-47B6-A68D-7590B98EB39B}
		{8CA678B7-4C0A-4906-B47B-98A18DDD0425} = {827E0CD3-B72D-47B6-A68D-7590B98EB39B}
		{E571A3FE-03E9-4755-B3D9-53A5F8F3C3D1} = {827E0CD3-B72D-47B6-A68D-7590B98EB39B}
		{B2DADE74-A55F-D1C9-0802-CC4852B18B3E} = {827E0CD3-B72D-47B6-A68D-7590B98EB39B}
	EndGlobalSection
	GlobalSection(ExtensibilityGlobals) = postSolution
		SolutionGuid = {FA38B68D-3472-4A6C-A14E-8A2C45DB7B41}
	EndGlobalSection
EndGlobal
